// !$*UTF8*$!
{
	archiveVersion = 1;
	classes = {
	};
	objectVersion = 46;
	objects = {

/* Begin PBXBuildFile section */
		8F93E2DA13D41B6E006BF26D /* UIKit.framework in Frameworks */ = {isa = PBXBuildFile; fileRef = 8F93E2D913D41B6E006BF26D /* UIKit.framework */; };
		8F93E2DC13D41B6E006BF26D /* Foundation.framework in Frameworks */ = {isa = PBXBuildFile; fileRef = 8F93E2DB13D41B6E006BF26D /* Foundation.framework */; };
		8F93E2DE13D41B6F006BF26D /* CoreGraphics.framework in Frameworks */ = {isa = PBXBuildFile; fileRef = 8F93E2DD13D41B6E006BF26D /* CoreGraphics.framework */; };
		8F93E2E013D41B6F006BF26D /* CoreData.framework in Frameworks */ = {isa = PBXBuildFile; fileRef = 8F93E2DF13D41B6F006BF26D /* CoreData.framework */; };
		8F93E2E613D41B6F006BF26D /* InfoPlist.strings in Resources */ = {isa = PBXBuildFile; fileRef = 8F93E2E413D41B6F006BF26D /* InfoPlist.strings */; };
		8F93E2E913D41B6F006BF26D /* main.m in Sources */ = {isa = PBXBuildFile; fileRef = 8F93E2E813D41B6F006BF26D /* main.m */; };
		8F93E2EC13D41B6F006BF26D /* iRfAppDelegate.m in Sources */ = {isa = PBXBuildFile; fileRef = 8F93E2EB13D41B6F006BF26D /* iRfAppDelegate.m */; };
		8F93E2EF13D41B6F006BF26D /* iRf.xcdatamodeld in Sources */ = {isa = PBXBuildFile; fileRef = 8F93E2ED13D41B6F006BF26D /* iRf.xcdatamodeld */; };
		8F93E2F213D41B6F006BF26D /* MainWindow.xib in Resources */ = {isa = PBXBuildFile; fileRef = 8F93E2F013D41B6F006BF26D /* MainWindow.xib */; };
		8F93E2F513D41B6F006BF26D /* RootViewController.m in Sources */ = {isa = PBXBuildFile; fileRef = 8F93E2F413D41B6F006BF26D /* RootViewController.m */; };
		8F93E2F813D41B6F006BF26D /* RootViewController.xib in Resources */ = {isa = PBXBuildFile; fileRef = 8F93E2F613D41B6F006BF26D /* RootViewController.xib */; };
		8F93E2FF13D41B6F006BF26D /* UIKit.framework in Frameworks */ = {isa = PBXBuildFile; fileRef = 8F93E2D913D41B6E006BF26D /* UIKit.framework */; };
		8F93E30013D41B6F006BF26D /* Foundation.framework in Frameworks */ = {isa = PBXBuildFile; fileRef = 8F93E2DB13D41B6E006BF26D /* Foundation.framework */; };
		8F93E30113D41B6F006BF26D /* CoreGraphics.framework in Frameworks */ = {isa = PBXBuildFile; fileRef = 8F93E2DD13D41B6E006BF26D /* CoreGraphics.framework */; };
		8F93E30213D41B6F006BF26D /* CoreData.framework in Frameworks */ = {isa = PBXBuildFile; fileRef = 8F93E2DF13D41B6F006BF26D /* CoreData.framework */; };
		8F93E30A13D41B6F006BF26D /* InfoPlist.strings in Resources */ = {isa = PBXBuildFile; fileRef = 8F93E30813D41B6F006BF26D /* InfoPlist.strings */; };
		8F93E30D13D41B6F006BF26D /* iRfTests.h in Resources */ = {isa = PBXBuildFile; fileRef = 8F93E30C13D41B6F006BF26D /* iRfTests.h */; };
		8F93E30F13D41B6F006BF26D /* iRfTests.m in Sources */ = {isa = PBXBuildFile; fileRef = 8F93E30E13D41B6F006BF26D /* iRfTests.m */; };
/* End PBXBuildFile section */

/* Begin PBXContainerItemProxy section */
		8F93E30313D41B6F006BF26D /* PBXContainerItemProxy */ = {
			isa = PBXContainerItemProxy;
			containerPortal = 8F93E2CC13D41B6E006BF26D /* Project object */;
			proxyType = 1;
			remoteGlobalIDString = 8F93E2D413D41B6E006BF26D;
			remoteInfo = iRf;
		};
/* End PBXContainerItemProxy section */

/* Begin PBXFileReference section */
		8F93E2D513D41B6E006BF26D /* iRf.app */ = {isa = PBXFileReference; explicitFileType = wrapper.application; includeInIndex = 0; path = iRf.app; sourceTree = BUILT_PRODUCTS_DIR; };
		8F93E2D913D41B6E006BF26D /* UIKit.framework */ = {isa = PBXFileReference; lastKnownFileType = wrapper.framework; name = UIKit.framework; path = System/Library/Frameworks/UIKit.framework; sourceTree = SDKROOT; };
		8F93E2DB13D41B6E006BF26D /* Foundation.framework */ = {isa = PBXFileReference; lastKnownFileType = wrapper.framework; name = Foundation.framework; path = System/Library/Frameworks/Foundation.framework; sourceTree = SDKROOT; };
		8F93E2DD13D41B6E006BF26D /* CoreGraphics.framework */ = {isa = PBXFileReference; lastKnownFileType = wrapper.framework; name = CoreGraphics.framework; path = System/Library/Frameworks/CoreGraphics.framework; sourceTree = SDKROOT; };
		8F93E2DF13D41B6F006BF26D /* CoreData.framework */ = {isa = PBXFileReference; lastKnownFileType = wrapper.framework; name = CoreData.framework; path = System/Library/Frameworks/CoreData.framework; sourceTree = SDKROOT; };
		8F93E2E313D41B6F006BF26D /* iRf-Info.plist */ = {isa = PBXFileReference; path = "iRf-Info.plist"; sourceTree = "<group>"; };
		8F93E2E513D41B6F006BF26D /* en */ = {isa = PBXFileReference; lastKnownFileType = text.plist.strings; name = en; path = en.lproj/InfoPlist.strings; sourceTree = "<group>"; };
		8F93E2E713D41B6F006BF26D /* iRf-Prefix.pch */ = {isa = PBXFileReference; path = "iRf-Prefix.pch"; sourceTree = "<group>"; };
		8F93E2E813D41B6F006BF26D /* main.m */ = {isa = PBXFileReference; lastKnownFileType = sourcecode.c.objc; path = main.m; sourceTree = "<group>"; };
		8F93E2EA13D41B6F006BF26D /* iRfAppDelegate.h */ = {isa = PBXFileReference; path = iRfAppDelegate.h; sourceTree = "<group>"; };
		8F93E2EB13D41B6F006BF26D /* iRfAppDelegate.m */ = {isa = PBXFileReference; lastKnownFileType = sourcecode.c.objc; path = iRfAppDelegate.m; sourceTree = "<group>"; };
		8F93E2EE13D41B6F006BF26D /* iRf.xcdatamodel */ = {isa = PBXFileReference; lastKnownFileType = wrapper.xcdatamodel; path = iRf.xcdatamodel; sourceTree = "<group>"; };
		8F93E2F113D41B6F006BF26D /* en */ = {isa = PBXFileReference; lastKnownFileType = file.xib; name = en; path = en.lproj/MainWindow.xib; sourceTree = "<group>"; };
		8F93E2F313D41B6F006BF26D /* RootViewController.h */ = {isa = PBXFileReference; path = RootViewController.h; sourceTree = "<group>"; };
		8F93E2F413D41B6F006BF26D /* RootViewController.m */ = {isa = PBXFileReference; lastKnownFileType = sourcecode.c.objc; path = RootViewController.m; sourceTree = "<group>"; };
		8F93E2F713D41B6F006BF26D /* en */ = {isa = PBXFileReference; lastKnownFileType = file.xib; name = en; path = en.lproj/RootViewController.xib; sourceTree = "<group>"; };
		8F93E2FE13D41B6F006BF26D /* iRfTests.octest */ = {isa = PBXFileReference; explicitFileType = wrapper.cfbundle; includeInIndex = 0; path = iRfTests.octest; sourceTree = BUILT_PRODUCTS_DIR; };
		8F93E30713D41B6F006BF26D /* iRfTests-Info.plist */ = {isa = PBXFileReference; path = "iRfTests-Info.plist"; sourceTree = "<group>"; };
		8F93E30913D41B6F006BF26D /* en */ = {isa = PBXFileReference; lastKnownFileType = text.plist.strings; name = en; path = en.lproj/InfoPlist.strings; sourceTree = "<group>"; };
		8F93E30B13D41B6F006BF26D /* iRfTests-Prefix.pch */ = {isa = PBXFileReference; path = "iRfTests-Prefix.pch"; sourceTree = "<group>"; };
		8F93E30C13D41B6F006BF26D /* iRfTests.h */ = {isa = PBXFileReference; lastKnownFileType = sourcecode.c.h; path = iRfTests.h; sourceTree = "<group>"; };
		8F93E30E13D41B6F006BF26D /* iRfTests.m */ = {isa = PBXFileReference; lastKnownFileType = sourcecode.c.objc; path = iRfTests.m; sourceTree = "<group>"; };
/* End PBXFileReference section */

/* Begin PBXFrameworksBuildPhase section */
		8F93E2D213D41B6E006BF26D /* Frameworks */ = {
			isa = PBXFrameworksBuildPhase;
			buildActionMask = 2147483647;
			files = (
				8F93E2DA13D41B6E006BF26D /* UIKit.framework in Frameworks */,
				8F93E2DC13D41B6E006BF26D /* Foundation.framework in Frameworks */,
				8F93E2DE13D41B6F006BF26D /* CoreGraphics.framework in Frameworks */,
				8F93E2E013D41B6F006BF26D /* CoreData.framework in Frameworks */,
			);
			runOnlyForDeploymentPostprocessing = 0;
		};
		8F93E2FA13D41B6F006BF26D /* Frameworks */ = {
			isa = PBXFrameworksBuildPhase;
			buildActionMask = 2147483647;
			files = (
				8F93E2FF13D41B6F006BF26D /* UIKit.framework in Frameworks */,
				8F93E30013D41B6F006BF26D /* Foundation.framework in Frameworks */,
				8F93E30113D41B6F006BF26D /* CoreGraphics.framework in Frameworks */,
				8F93E30213D41B6F006BF26D /* CoreData.framework in Frameworks */,
			);
			runOnlyForDeploymentPostprocessing = 0;
		};
/* End PBXFrameworksBuildPhase section */

/* Begin PBXGroup section */
		8F93E2CA13D41B6E006BF26D = {
			isa = PBXGroup;
			children = (
				8F93E2E113D41B6F006BF26D /* iRf */,
				8F93E30513D41B6F006BF26D /* iRfTests */,
				8F93E2D813D41B6E006BF26D /* Frameworks */,
				8F93E2D613D41B6E006BF26D /* Products */,
			);
			sourceTree = "<group>";
		};
		8F93E2D613D41B6E006BF26D /* Products */ = {
			isa = PBXGroup;
			children = (
				8F93E2D513D41B6E006BF26D /* iRf.app */,
				8F93E2FE13D41B6F006BF26D /* iRfTests.octest */,
			);
			name = Products;
			sourceTree = "<group>";
		};
		8F93E2D813D41B6E006BF26D /* Frameworks */ = {
			isa = PBXGroup;
			children = (
				8F93E2D913D41B6E006BF26D /* UIKit.framework */,
				8F93E2DB13D41B6E006BF26D /* Foundation.framework */,
				8F93E2DD13D41B6E006BF26D /* CoreGraphics.framework */,
				8F93E2DF13D41B6F006BF26D /* CoreData.framework */,
			);
			name = Frameworks;
			sourceTree = "<group>";
		};
		8F93E2E113D41B6F006BF26D /* iRf */ = {
			isa = PBXGroup;
			children = (
				8F93E2EA13D41B6F006BF26D /* iRfAppDelegate.h */,
				8F93E2EB13D41B6F006BF26D /* iRfAppDelegate.m */,
				8F93E2F013D41B6F006BF26D /* MainWindow.xib */,
				8F93E2F313D41B6F006BF26D /* RootViewController.h */,
				8F93E2F413D41B6F006BF26D /* RootViewController.m */,
				8F93E2F613D41B6F006BF26D /* RootViewController.xib */,
				8F93E2ED13D41B6F006BF26D /* iRf.xcdatamodeld */,
				8F93E2E213D41B6F006BF26D /* Supporting Files */,
			);
			path = iRf;
			sourceTree = "<group>";
		};
		8F93E2E213D41B6F006BF26D /* Supporting Files */ = {
			isa = PBXGroup;
			children = (
				8F93E2E313D41B6F006BF26D /* iRf-Info.plist */,
				8F93E2E413D41B6F006BF26D /* InfoPlist.strings */,
				8F93E2E713D41B6F006BF26D /* iRf-Prefix.pch */,
				8F93E2E813D41B6F006BF26D /* main.m */,
			);
			name = "Supporting Files";
			sourceTree = "<group>";
		};
		8F93E30513D41B6F006BF26D /* iRfTests */ = {
			isa = PBXGroup;
			children = (
				8F93E30C13D41B6F006BF26D /* iRfTests.h */,
				8F93E30E13D41B6F006BF26D /* iRfTests.m */,
				8F93E30613D41B6F006BF26D /* Supporting Files */,
			);
			path = iRfTests;
			sourceTree = "<group>";
		};
		8F93E30613D41B6F006BF26D /* Supporting Files */ = {
			isa = PBXGroup;
			children = (
				8F93E30713D41B6F006BF26D /* iRfTests-Info.plist */,
				8F93E30813D41B6F006BF26D /* InfoPlist.strings */,
				8F93E30B13D41B6F006BF26D /* iRfTests-Prefix.pch */,
			);
			name = "Supporting Files";
			sourceTree = "<group>";
		};
/* End PBXGroup section */

/* Begin PBXNativeTarget section */
		8F93E2D413D41B6E006BF26D /* iRf */ = {
			isa = PBXNativeTarget;
			buildConfigurationList = 8F93E31213D41B6F006BF26D /* Build configuration list for PBXNativeTarget "iRf" */;
			buildPhases = (
				8F93E2D113D41B6E006BF26D /* Sources */,
				8F93E2D213D41B6E006BF26D /* Frameworks */,
				8F93E2D313D41B6E006BF26D /* Resources */,
			);
			buildRules = (
			);
			dependencies = (
			);
			name = iRf;
			productName = iRf;
			productReference = 8F93E2D513D41B6E006BF26D /* iRf.app */;
			productType = "com.apple.product-type.application";
		};
		8F93E2FD13D41B6F006BF26D /* iRfTests */ = {
			isa = PBXNativeTarget;
			buildConfigurationList = 8F93E31513D41B6F006BF26D /* Build configuration list for PBXNativeTarget "iRfTests" */;
			buildPhases = (
				8F93E2F913D41B6F006BF26D /* Sources */,
				8F93E2FA13D41B6F006BF26D /* Frameworks */,
				8F93E2FB13D41B6F006BF26D /* Resources */,
				8F93E2FC13D41B6F006BF26D /* ShellScript */,
			);
			buildRules = (
			);
			dependencies = (
				8F93E30413D41B6F006BF26D /* PBXTargetDependency */,
			);
			name = iRfTests;
			productName = iRfTests;
			productReference = 8F93E2FE13D41B6F006BF26D /* iRfTests.octest */;
			productType = "com.apple.product-type.bundle";
		};
/* End PBXNativeTarget section */

/* Begin PBXProject section */
		8F93E2CC13D41B6E006BF26D /* Project object */ = {
			isa = PBXProject;
			buildConfigurationList = 8F93E2CF13D41B6E006BF26D /* Build configuration list for PBXProject "iRf" */;
			compatibilityVersion = "Xcode 3.2";
			developmentRegion = English;
			hasScannedForEncodings = 0;
			knownRegions = (
				en,
			);
			mainGroup = 8F93E2CA13D41B6E006BF26D;
			productRefGroup = 8F93E2D613D41B6E006BF26D /* Products */;
			projectDirPath = "";
			projectRoot = "";
			targets = (
				8F93E2D413D41B6E006BF26D /* iRf */,
				8F93E2FD13D41B6F006BF26D /* iRfTests */,
			);
		};
/* End PBXProject section */

/* Begin PBXResourcesBuildPhase section */
		8F93E2D313D41B6E006BF26D /* Resources */ = {
			isa = PBXResourcesBuildPhase;
			buildActionMask = 2147483647;
			files = (
				8F93E2E613D41B6F006BF26D /* InfoPlist.strings in Resources */,
				8F93E2F213D41B6F006BF26D /* MainWindow.xib in Resources */,
				8F93E2F813D41B6F006BF26D /* RootViewController.xib in Resources */,
			);
			runOnlyForDeploymentPostprocessing = 0;
		};
		8F93E2FB13D41B6F006BF26D /* Resources */ = {
			isa = PBXResourcesBuildPhase;
			buildActionMask = 2147483647;
			files = (
				8F93E30A13D41B6F006BF26D /* InfoPlist.strings in Resources */,
				8F93E30D13D41B6F006BF26D /* iRfTests.h in Resources */,
			);
			runOnlyForDeploymentPostprocessing = 0;
		};
/* End PBXResourcesBuildPhase section */

/* Begin PBXShellScriptBuildPhase section */
		8F93E2FC13D41B6F006BF26D /* ShellScript */ = {
			isa = PBXShellScriptBuildPhase;
			buildActionMask = 2147483647;
			files = (
			);
			inputPaths = (
			);
			outputPaths = (
			);
			runOnlyForDeploymentPostprocessing = 0;
			shellPath = /bin/sh;
			shellScript = "# Run the unit tests in this test bundle.\n\"${SYSTEM_DEVELOPER_DIR}/Tools/RunUnitTests\"\n";
		};
/* End PBXShellScriptBuildPhase section */

/* Begin PBXSourcesBuildPhase section */
		8F93E2D113D41B6E006BF26D /* Sources */ = {
			isa = PBXSourcesBuildPhase;
			buildActionMask = 2147483647;
			files = (
				8F93E2E913D41B6F006BF26D /* main.m in Sources */,
				8F93E2EC13D41B6F006BF26D /* iRfAppDelegate.m in Sources */,
				8F93E2EF13D41B6F006BF26D /* iRf.xcdatamodeld in Sources */,
				8F93E2F513D41B6F006BF26D /* RootViewController.m in Sources */,
			);
			runOnlyForDeploymentPostprocessing = 0;
		};
		8F93E2F913D41B6F006BF26D /* Sources */ = {
			isa = PBXSourcesBuildPhase;
			buildActionMask = 2147483647;
			files = (
				8F93E30F13D41B6F006BF26D /* iRfTests.m in Sources */,
			);
			runOnlyForDeploymentPostprocessing = 0;
		};
/* End PBXSourcesBuildPhase section */

/* Begin PBXTargetDependency section */
		8F93E30413D41B6F006BF26D /* PBXTargetDependency */ = {
			isa = PBXTargetDependency;
			target = 8F93E2D413D41B6E006BF26D /* iRf */;
			targetProxy = 8F93E30313D41B6F006BF26D /* PBXContainerItemProxy */;
		};
/* End PBXTargetDependency section */

/* Begin PBXVariantGroup section */
		8F93E2E413D41B6F006BF26D /* InfoPlist.strings */ = {
			isa = PBXVariantGroup;
			children = (
				8F93E2E513D41B6F006BF26D /* en */,
			);
			name = InfoPlist.strings;
			sourceTree = "<group>";
		};
		8F93E2F013D41B6F006BF26D /* MainWindow.xib */ = {
			isa = PBXVariantGroup;
			children = (
				8F93E2F113D41B6F006BF26D /* en */,
			);
			name = MainWindow.xib;
			sourceTree = "<group>";
		};
		8F93E2F613D41B6F006BF26D /* RootViewController.xib */ = {
			isa = PBXVariantGroup;
			children = (
				8F93E2F713D41B6F006BF26D /* en */,
			);
			name = RootViewController.xib;
			sourceTree = "<group>";
		};
		8F93E30813D41B6F006BF26D /* InfoPlist.strings */ = {
			isa = PBXVariantGroup;
			children = (
				8F93E30913D41B6F006BF26D /* en */,
			);
			name = InfoPlist.strings;
			sourceTree = "<group>";
		};
/* End PBXVariantGroup section */

/* Begin XCBuildConfiguration section */
		8F93E31013D41B6F006BF26D /* Debug */ = {
			isa = XCBuildConfiguration;
			buildSettings = {
				ARCHS = "$(ARCHS_STANDARD_32_BIT)";
				"CODE_SIGN_IDENTITY[sdk=iphoneos*]" = "iPhone Developer";
				GCC_C_LANGUAGE_STANDARD = gnu99;
				GCC_OPTIMIZATION_LEVEL = 0;
				GCC_PREPROCESSOR_DEFINITIONS = DEBUG;
				GCC_SYMBOLS_PRIVATE_EXTERN = NO;
				GCC_VERSION = com.apple.compilers.llvmgcc42;
				GCC_WARN_ABOUT_RETURN_TYPE = YES;
				GCC_WARN_UNUSED_VARIABLE = YES;
				IPHONEOS_DEPLOYMENT_TARGET = 4.3;
				SDKROOT = iphoneos;
			};
			name = Debug;
		};
		8F93E31113D41B6F006BF26D /* Release */ = {
			isa = XCBuildConfiguration;
			buildSettings = {
				ARCHS = "$(ARCHS_STANDARD_32_BIT)";
				"CODE_SIGN_IDENTITY[sdk=iphoneos*]" = "iPhone Developer";
				GCC_C_LANGUAGE_STANDARD = gnu99;
				GCC_VERSION = com.apple.compilers.llvmgcc42;
				GCC_WARN_ABOUT_RETURN_TYPE = YES;
				GCC_WARN_UNUSED_VARIABLE = YES;
				IPHONEOS_DEPLOYMENT_TARGET = 4.3;
				OTHER_CFLAGS = "-DNS_BLOCK_ASSERTIONS=1";
				SDKROOT = iphoneos;
			};
			name = Release;
		};
		8F93E31313D41B6F006BF26D /* Debug */ = {
			isa = XCBuildConfiguration;
			buildSettings = {
				ALWAYS_SEARCH_USER_PATHS = NO;
				COPY_PHASE_STRIP = NO;
				GCC_DYNAMIC_NO_PIC = NO;
				GCC_PRECOMPILE_PREFIX_HEADER = YES;
				GCC_PREFIX_HEADER = "iRf/iRf-Prefix.pch";
				INFOPLIST_FILE = "iRf/iRf-Info.plist";
				PRODUCT_NAME = "$(TARGET_NAME)";
				WRAPPER_EXTENSION = app;
			};
			name = Debug;
		};
		8F93E31413D41B6F006BF26D /* Release */ = {
			isa = XCBuildConfiguration;
			buildSettings = {
				ALWAYS_SEARCH_USER_PATHS = NO;
				COPY_PHASE_STRIP = YES;
				GCC_PRECOMPILE_PREFIX_HEADER = YES;
				GCC_PREFIX_HEADER = "iRf/iRf-Prefix.pch";
				INFOPLIST_FILE = "iRf/iRf-Info.plist";
				PRODUCT_NAME = "$(TARGET_NAME)";
				VALIDATE_PRODUCT = YES;
				WRAPPER_EXTENSION = app;
			};
			name = Release;
		};
		8F93E31613D41B6F006BF26D /* Debug */ = {
			isa = XCBuildConfiguration;
			buildSettings = {
				ALWAYS_SEARCH_USER_PATHS = NO;
				BUNDLE_LOADER = "$(BUILT_PRODUCTS_DIR)/iRf.app/iRf";
				FRAMEWORK_SEARCH_PATHS = (
					"$(SDKROOT)/Developer/Library/Frameworks",
					"$(DEVELOPER_LIBRARY_DIR)/Frameworks",
				);
				GCC_PRECOMPILE_PREFIX_HEADER = YES;
				GCC_PREFIX_HEADER = "iRfTests/iRfTests-Prefix.pch";
				INFOPLIST_FILE = "iRfTests/iRfTests-Info.plist";
				OTHER_LDFLAGS = (
					"-framework",
					SenTestingKit,
				);
				PRODUCT_NAME = "$(TARGET_NAME)";
				TEST_HOST = "$(BUNDLE_LOADER)";
				WRAPPER_EXTENSION = octest;
			};
			name = Debug;
		};
		8F93E31713D41B6F006BF26D /* Release */ = {
			isa = XCBuildConfiguration;
			buildSettings = {
				ALWAYS_SEARCH_USER_PATHS = NO;
				BUNDLE_LOADER = "$(BUILT_PRODUCTS_DIR)/iRf.app/iRf";
				FRAMEWORK_SEARCH_PATHS = (
					"$(SDKROOT)/Developer/Library/Frameworks",
					"$(DEVELOPER_LIBRARY_DIR)/Frameworks",
				);
				GCC_PRECOMPILE_PREFIX_HEADER = YES;
				GCC_PREFIX_HEADER = "iRfTests/iRfTests-Prefix.pch";
				INFOPLIST_FILE = "iRfTests/iRfTests-Info.plist";
				OTHER_LDFLAGS = (
					"-framework",
					SenTestingKit,
				);
				PRODUCT_NAME = "$(TARGET_NAME)";
				TEST_HOST = "$(BUNDLE_LOADER)";
				WRAPPER_EXTENSION = octest;
			};
			name = Release;
		};
/* End XCBuildConfiguration section */

/* Begin XCConfigurationList section */
		8F93E2CF13D41B6E006BF26D /* Build configuration list for PBXProject "iRf" */ = {
			isa = XCConfigurationList;
			buildConfigurations = (
				8F93E31013D41B6F006BF26D /* Debug */,
				8F93E31113D41B6F006BF26D /* Release */,
			);
			defaultConfigurationIsVisible = 0;
			defaultConfigurationName = Release;
		};
		8F93E31213D41B6F006BF26D /* Build configuration list for PBXNativeTarget "iRf" */ = {
			isa = XCConfigurationList;
			buildConfigurations = (
				8F93E31313D41B6F006BF26D /* Debug */,
				8F93E31413D41B6F006BF26D /* Release */,
			);
			defaultConfigurationIsVisible = 0;
		};
		8F93E31513D41B6F006BF26D /* Build configuration list for PBXNativeTarget "iRfTests" */ = {
			isa = XCConfigurationList;
			buildConfigurations = (
				8F93E31613D41B6F006BF26D /* Debug */,
				8F93E31713D41B6F006BF26D /* Release */,
			);
			defaultConfigurationIsVisible = 0;
		};
/* End XCConfigurationList section */

/* Begin XCVersionGroup section */
		8F93E2ED13D41B6F006BF26D /* iRf.xcdatamodeld */ = {
			isa = XCVersionGroup;
			children = (
				8F93E2EE13D41B6F006BF26D /* iRf.xcdatamodel */,
			);
			currentVersion = 8F93E2EE13D41B6F006BF26D /* iRf.xcdatamodel */;
			path = iRf.xcdatamodeld;
			sourceTree = "<group>";
			versionGroupType = wrapper.xcdatamodel;
		};
/* End XCVersionGroup section */
	};
	rootObject = 8F93E2CC13D41B6E006BF26D /* Project object */;
}
